
Microsoft Visual Studio Solution File, Format Version 12.00
# Visual Studio Version 17
VisualStudioVersion = 17.11.34929.205
MinimumVisualStudioVersion = 10.0.40219.1
Project("{FAE04EC0-301F-11D3-BF4B-00C04F79EFBC}") = "4338Project", "4338Project\4338Project.csproj", "{5897CA8C-B43D-4C23-85C2-290A8CFCE65E}"
EndProject
Global
	GlobalSection(SolutionConfigurationPlatforms) = preSolution
		Debug|Any CPU = Debug|Any CPU
		Release|Any CPU = Release|Any CPU
	EndGlobalSection
	GlobalSection(ProjectConfigurationPlatforms) = postSolution
		{5897CA8C-B43D-4C23-85C2-290A8CFCE65E}.Debug|Any CPU.ActiveCfg = Debug|Any CPU
		{5897CA8C-B43D-4C23-85C2-290A8CFCE65E}.Debug|Any CPU.Build.0 = Debug|Any CPU
		{5897CA8C-B43D-4C23-85C2-290A8CFCE65E}.Release|Any CPU.ActiveCfg = Release|Any CPU
		{5897CA8C-B43D-4C23-85C2-290A8CFCE65E}.Release|Any CPU.Build.0 = Release|Any CPU
	EndGlobalSection
	GlobalSection(SolutionProperties) = preSolution
		HideSolutionNode = FALSE
	EndGlobalSection
	GlobalSection(ExtensibilityGlobals) = postSolution
		SolutionGuid = {B2864765-AE1C-46E3-A826-D6A0E646A041}
	EndGlobalSection
EndGlobal
